
Microsoft Visual Studio Solution File, Format Version 12.00
# Visual Studio Version 16
VisualStudioVersion = 16.0.29609.76
MinimumVisualStudioVersion = 10.0.40219.1
Project("{FAE04EC0-301F-11D3-BF4B-00C04F79EFBC}") = "Assignment02", "Assignment02\Assignment02.csproj", "{6304C62C-D3E2-4A7C-B8C2-EA94DB1BEE84}"
EndProject
Project("{FAE04EC0-301F-11D3-BF4B-00C04F79EFBC}") = "Assignment02.Tests", "Assignment02.Tests\Assignment02.Tests.csproj", "{FEDE2BC5-C214-457E-B91C-8CE5245F7DD3}"
EndProject
Global
	GlobalSection(SolutionConfigurationPlatforms) = preSolution
		Debug|Any CPU = Debug|Any CPU
		Release|Any CPU = Release|Any CPU
	EndGlobalSection
	GlobalSection(ProjectConfigurationPlatforms) = postSolution
		{6304C62C-D3E2-4A7C-B8C2-EA94DB1BEE84}.Debug|Any CPU.ActiveCfg = Debug|Any CPU
		{6304C62C-D3E2-4A7C-B8C2-EA94DB1BEE84}.Debug|Any CPU.Build.0 = Debug|Any CPU
		{6304C62C-D3E2-4A7C-B8C2-EA94DB1BEE84}.Release|Any CPU.ActiveCfg = Release|Any CPU
		{6304C62C-D3E2-4A7C-B8C2-EA94DB1BEE84}.Release|Any CPU.Build.0 = Release|Any CPU
		{FEDE2BC5-C214-457E-B91C-8CE5245F7DD3}.Debug|Any CPU.ActiveCfg = Debug|Any CPU
		{FEDE2BC5-C214-457E-B91C-8CE5245F7DD3}.Debug|Any CPU.Build.0 = Debug|Any CPU
		{FEDE2BC5-C214-457E-B91C-8CE5245F7DD3}.Release|Any CPU.ActiveCfg = Release|Any CPU
		{FEDE2BC5-C214-457E-B91C-8CE5245F7DD3}.Release|Any CPU.Build.0 = Release|Any CPU
	EndGlobalSection
	GlobalSection(SolutionProperties) = preSolution
		HideSolutionNode = FALSE
	EndGlobalSection
	GlobalSection(ExtensibilityGlobals) = postSolution
		SolutionGuid = {87AF16F3-3954-4177-8E86-139496D7956D}
	EndGlobalSection
EndGlobal
